{
  "name": "fonts",
  "lockfileVersion": 3,
  "requires": true,
  "packages": {
    "": {
      "dependencies": {
        "@mdi/font": "^7.2.96"
      }
    },
    "node_modules/@mdi/font": {
      "version": "7.2.96",
      "resolved": "https://registry.npmjs.org/@mdi/font/-/font-7.2.96.tgz",
      "integrity": "sha512-e//lmkmpFUMZKhmCY9zdjRe4zNXfbOIJnn6xveHbaV2kSw5aJ5dLXUxcRt1Gxfi7ZYpFLUWlkG2MGSFAiqAu7w=="
    }
  }
}
